github.com/BurntSushi/toml v1.5.0 h1:W5quZX/G/csjUnuI8SUYlsHs9M38FC7znL0lIO+DvMg=
github.com/BurntSushi/toml v1.5.0/go.mod h1:ukJfTF/6rtPPRCnwkur4qwRxa8vTRFBF0uk2lLoLwho=
github.com/relux-works/javacard-rpc-client-kotlin v0.3.0 h1:orBDdWPAyP8Mpl73uVkf6hhhf9tQPwoVN2mkeeyaIs0=
github.com/relux-works/javacard-rpc-client-kotlin v0.3.0/go.mod h1:3mejtNpnjxAEPq7DAQ7pjicOHRu0wanrK+wmbKWFkbg=
github.com/relux-works/javacard-rpc-client-swift v0.2.2 h1:ZBOusKFkcBiHCsRk2Y+ZetU94fTLcw0yZ39vVLG5nB0=
github.com/relux-works/javacard-rpc-client-swift v0.2.2/go.mod h1:9/fS7xJMP43xcJ7dtaaFJrS0ehE02u6lT7nwr2YSsfE=
github.com/relux-works/javacard-rpc-server-javacard v0.5.0 h1:gzkUw3pYQzjupDx/sjsfJG1D4+nfZmT4xFcFshUwt3c=
github.com/relux-works/javacard-rpc-server-javacard v0.5.0/go.mod h1:S4iGoPfsidhqSQ3Kap/TCJDIyON8/wIMCPkvjGtZ1M8=
github.com/relux-works/javacard-rpc/pluginapi v0.1.1 h1:cNvoCdRTp88tLTIli+zk391jspJZRtBgdTMzLGmqPa0=
github.com/relux-works/javacard-rpc/pluginapi v0.1.1/go.mod h1:vini/jA9xID/u2iYwtKViPacEvP9nLIapL3RdQV7RBc=
